
Microsoft Visual Studio Solution File, Format Version 12.00
# Visual Studio Version 17
VisualStudioVersion = 17.13.35806.99 d17.13
MinimumVisualStudioVersion = 10.0.40219.1
Project("{FAE04EC0-301F-11D3-BF4B-00C04F79EFBC}") = "VersesWebApp", "VersesWebApp.csproj", "{62AE6E86-7A30-4D00-8497-B71FAABAA884}"
EndProject
Global
	GlobalSection(SolutionConfigurationPlatforms) = preSolution
		Debug|Any CPU = Debug|Any CPU
		Release|Any CPU = Release|Any CPU
	EndGlobalSection
	GlobalSection(ProjectConfigurationPlatforms) = postSolution
		{62AE6E86-7A30-4D00-8497-B71FAABAA884}.Debug|Any CPU.ActiveCfg = Debug|Any CPU
		{62AE6E86-7A30-4D00-8497-B71FAABAA884}.Debug|Any CPU.Build.0 = Debug|Any CPU
		{62AE6E86-7A30-4D00-8497-B71FAABAA884}.Release|Any CPU.ActiveCfg = Release|Any CPU
		{62AE6E86-7A30-4D00-8497-B71FAABAA884}.Release|Any CPU.Build.0 = Release|Any CPU
	EndGlobalSection
	GlobalSection(SolutionProperties) = preSolution
		HideSolutionNode = FALSE
	EndGlobalSection
	GlobalSection(ExtensibilityGlobals) = postSolution
		SolutionGuid = {19F0CFF7-5C99-4093-9679-58A266EA3639}
	EndGlobalSection
EndGlobal
